// !$*UTF8*$!
{
	archiveVersion = 1;
	classes = {
	};
	objectVersion = 50;
	objects = {

/* Begin PBXBuildFile section */
		33678CA622077183006D02BD /* AppDelegate.swift in Sources */ = {isa = PBXBuildFile; fileRef = 33678CA522077183006D02BD /* AppDelegate.swift */; };
		33678CA822077183006D02BD /* ViewController.swift in Sources */ = {isa = PBXBuildFile; fileRef = 33678CA722077183006D02BD /* ViewController.swift */; };
		33678CAB22077183006D02BD /* Main.storyboard in Resources */ = {isa = PBXBuildFile; fileRef = 33678CA922077183006D02BD /* Main.storyboard */; };
		33678CAD22077185006D02BD /* Assets.xcassets in Resources */ = {isa = PBXBuildFile; fileRef = 33678CAC22077185006D02BD /* Assets.xcassets */; };
		33678CB022077185006D02BD /* LaunchScreen.storyboard in Resources */ = {isa = PBXBuildFile; fileRef = 33678CAE22077185006D02BD /* LaunchScreen.storyboard */; };
		33678CC6220771D9006D02BD /* TodaSession.swift in Sources */ = {isa = PBXBuildFile; fileRef = 33678CC5220771D9006D02BD /* TodaSession.swift */; };
		33678CC7220771DE006D02BD /* TodaSession.swift in Sources */ = {isa = PBXBuildFile; fileRef = 33678CC5220771D9006D02BD /* TodaSession.swift */; };
		33678CC92207723E006D02BD /* TodaSessionTests.swift in Sources */ = {isa = PBXBuildFile; fileRef = 33678CC82207723E006D02BD /* TodaSessionTests.swift */; };
/* End PBXBuildFile section */

/* Begin PBXContainerItemProxy section */
		33678CB722077185006D02BD /* PBXContainerItemProxy */ = {
			isa = PBXContainerItemProxy;
			containerPortal = 33678C9A22077183006D02BD /* Project object */;
			proxyType = 1;
			remoteGlobalIDString = 33678CA122077183006D02BD;
			remoteInfo = "toda swift example";
		};
/* End PBXContainerItemProxy section */

/* Begin PBXFileReference section */
		33678CA222077183006D02BD /* toda swift example.app */ = {isa = PBXFileReference; explicitFileType = wrapper.application; includeInIndex = 0; path = "toda swift example.app"; sourceTree = BUILT_PRODUCTS_DIR; };
		33678CA522077183006D02BD /* AppDelegate.swift */ = {isa = PBXFileReference; lastKnownFileType = sourcecode.swift; path = AppDelegate.swift; sourceTree = "<group>"; };
		33678CA722077183006D02BD /* ViewController.swift */ = {isa = PBXFileReference; lastKnownFileType = sourcecode.swift; path = ViewController.swift; sourceTree = "<group>"; };
		33678CAA22077183006D02BD /* Base */ = {isa = PBXFileReference; lastKnownFileType = file.storyboard; name = Base; path = Base.lproj/Main.storyboard; sourceTree = "<group>"; };
		33678CAC22077185006D02BD /* Assets.xcassets */ = {isa = PBXFileReference; lastKnownFileType = folder.assetcatalog; path = Assets.xcassets; sourceTree = "<group>"; };
		33678CAF22077185006D02BD /* Base */ = {isa = PBXFileReference; lastKnownFileType = file.storyboard; name = Base; path = Base.lproj/LaunchScreen.storyboard; sourceTree = "<group>"; };
		33678CB122077185006D02BD /* Info.plist */ = {isa = PBXFileReference; lastKnownFileType = text.plist.xml; path = Info.plist; sourceTree = "<group>"; };
		33678CB622077185006D02BD /* toda swift exampleTests.xctest */ = {isa = PBXFileReference; explicitFileType = wrapper.cfbundle; includeInIndex = 0; path = "toda swift exampleTests.xctest"; sourceTree = BUILT_PRODUCTS_DIR; };
		33678CBC22077185006D02BD /* Info.plist */ = {isa = PBXFileReference; lastKnownFileType = text.plist.xml; path = Info.plist; sourceTree = "<group>"; };
		33678CC5220771D9006D02BD /* TodaSession.swift */ = {isa = PBXFileReference; fileEncoding = 4; lastKnownFileType = sourcecode.swift; path = TodaSession.swift; sourceTree = "<group>"; };
		33678CC82207723E006D02BD /* TodaSessionTests.swift */ = {isa = PBXFileReference; lastKnownFileType = sourcecode.swift; path = TodaSessionTests.swift; sourceTree = "<group>"; };
/* End PBXFileReference section */

/* Begin PBXFrameworksBuildPhase section */
		33678C9F22077183006D02BD /* Frameworks */ = {
			isa = PBXFrameworksBuildPhase;
			buildActionMask = 2147483647;
			files = (
			);
			runOnlyForDeploymentPostprocessing = 0;
		};
		33678CB322077185006D02BD /* Frameworks */ = {
			isa = PBXFrameworksBuildPhase;
			buildActionMask = 2147483647;
			files = (
			);
			runOnlyForDeploymentPostprocessing = 0;
		};
/* End PBXFrameworksBuildPhase section */

/* Begin PBXGroup section */
		33678C9922077183006D02BD = {
			isa = PBXGroup;
			children = (
				33678CA422077183006D02BD /* toda swift example */,
				33678CB922077185006D02BD /* toda swift exampleTests */,
				33678CA322077183006D02BD /* Products */,
			);
			sourceTree = "<group>";
		};
		33678CA322077183006D02BD /* Products */ = {
			isa = PBXGroup;
			children = (
				33678CA222077183006D02BD /* toda swift example.app */,
				33678CB622077185006D02BD /* toda swift exampleTests.xctest */,
			);
			name = Products;
			sourceTree = "<group>";
		};
		33678CA422077183006D02BD /* toda swift example */ = {
			isa = PBXGroup;
			children = (
				33678CC5220771D9006D02BD /* TodaSession.swift */,
				33678CA522077183006D02BD /* AppDelegate.swift */,
				33678CA722077183006D02BD /* ViewController.swift */,
				33678CA922077183006D02BD /* Main.storyboard */,
				33678CAC22077185006D02BD /* Assets.xcassets */,
				33678CAE22077185006D02BD /* LaunchScreen.storyboard */,
				33678CB122077185006D02BD /* Info.plist */,
			);
			path = "toda swift example";
			sourceTree = "<group>";
		};
		33678CB922077185006D02BD /* toda swift exampleTests */ = {
			isa = PBXGroup;
			children = (
				33678CBC22077185006D02BD /* Info.plist */,
				33678CC82207723E006D02BD /* TodaSessionTests.swift */,
			);
			path = "toda swift exampleTests";
			sourceTree = "<group>";
		};
/* End PBXGroup section */

/* Begin PBXNativeTarget section */
		33678CA122077183006D02BD /* toda swift example */ = {
			isa = PBXNativeTarget;
			buildConfigurationList = 33678CBF22077185006D02BD /* Build configuration list for PBXNativeTarget "toda swift example" */;
			buildPhases = (
				33678C9E22077183006D02BD /* Sources */,
				33678C9F22077183006D02BD /* Frameworks */,
				33678CA022077183006D02BD /* Resources */,
			);
			buildRules = (
			);
			dependencies = (
			);
			name = "toda swift example";
			productName = "toda swift example";
			productReference = 33678CA222077183006D02BD /* toda swift example.app */;
			productType = "com.apple.product-type.application";
		};
		33678CB522077185006D02BD /* toda swift exampleTests */ = {
			isa = PBXNativeTarget;
			buildConfigurationList = 33678CC222077185006D02BD /* Build configuration list for PBXNativeTarget "toda swift exampleTests" */;
			buildPhases = (
				33678CB222077185006D02BD /* Sources */,
				33678CB322077185006D02BD /* Frameworks */,
				33678CB422077185006D02BD /* Resources */,
			);
			buildRules = (
			);
			dependencies = (
				33678CB822077185006D02BD /* PBXTargetDependency */,
			);
			name = "toda swift exampleTests";
			productName = "toda swift exampleTests";
			productReference = 33678CB622077185006D02BD /* toda swift exampleTests.xctest */;
			productType = "com.apple.product-type.bundle.unit-test";
		};
/* End PBXNativeTarget section */

/* Begin PBXProject section */
		33678C9A22077183006D02BD /* Project object */ = {
			isa = PBXProject;
			attributes = {
				LastSwiftUpdateCheck = 1010;
				LastUpgradeCheck = 1010;
				ORGANIZATIONNAME = "Humberto Roa";
				TargetAttributes = {
					33678CA122077183006D02BD = {
						CreatedOnToolsVersion = 10.1;
					};
					33678CB522077185006D02BD = {
						CreatedOnToolsVersion = 10.1;
						TestTargetID = 33678CA122077183006D02BD;
					};
				};
			};
			buildConfigurationList = 33678C9D22077183006D02BD /* Build configuration list for PBXProject "toda swift example" */;
			compatibilityVersion = "Xcode 9.3";
			developmentRegion = en;
			hasScannedForEncodings = 0;
			knownRegions = (
				en,
				Base,
			);
			mainGroup = 33678C9922077183006D02BD;
			productRefGroup = 33678CA322077183006D02BD /* Products */;
			projectDirPath = "";
			projectRoot = "";
			targets = (
				33678CA122077183006D02BD /* toda swift example */,
				33678CB522077185006D02BD /* toda swift exampleTests */,
			);
		};
/* End PBXProject section */

/* Begin PBXResourcesBuildPhase section */
		33678CA022077183006D02BD /* Resources */ = {
			isa = PBXResourcesBuildPhase;
			buildActionMask = 2147483647;
			files = (
				33678CB022077185006D02BD /* LaunchScreen.storyboard in Resources */,
				33678CAD22077185006D02BD /* Assets.xcassets in Resources */,
				33678CAB22077183006D02BD /* Main.storyboard in Resources */,
			);
			runOnlyForDeploymentPostprocessing = 0;
		};
		33678CB422077185006D02BD /* Resources */ = {
			isa = PBXResourcesBuildPhase;
			buildActionMask = 2147483647;
			files = (
			);
			runOnlyForDeploymentPostprocessing = 0;
		};
/* End PBXResourcesBuildPhase section */

/* Begin PBXSourcesBuildPhase section */
		33678C9E22077183006D02BD /* Sources */ = {
			isa = PBXSourcesBuildPhase;
			buildActionMask = 2147483647;
			files = (
				33678CC6220771D9006D02BD /* TodaSession.swift in Sources */,
				33678CA822077183006D02BD /* ViewController.swift in Sources */,
				33678CA622077183006D02BD /* AppDelegate.swift in Sources */,
			);
			runOnlyForDeploymentPostprocessing = 0;
		};
		33678CB222077185006D02BD /* Sources */ = {
			isa = PBXSourcesBuildPhase;
			buildActionMask = 2147483647;
			files = (
				33678CC92207723E006D02BD /* TodaSessionTests.swift in Sources */,
				33678CC7220771DE006D02BD /* TodaSession.swift in Sources */,
			);
			runOnlyForDeploymentPostprocessing = 0;
		};
/* End PBXSourcesBuildPhase section */

/* Begin PBXTargetDependency section */
		33678CB822077185006D02BD /* PBXTargetDependency */ = {
			isa = PBXTargetDependency;
			target = 33678CA122077183006D02BD /* toda swift example */;
			targetProxy = 33678CB722077185006D02BD /* PBXContainerItemProxy */;
		};
/* End PBXTargetDependency section */

/* Begin PBXVariantGroup section */
		33678CA922077183006D02BD /* Main.storyboard */ = {
			isa = PBXVariantGroup;
			children = (
				33678CAA22077183006D02BD /* Base */,
			);
			name = Main.storyboard;
			sourceTree = "<group>";
		};
		33678CAE22077185006D02BD /* LaunchScreen.storyboard */ = {
			isa = PBXVariantGroup;
			children = (
				33678CAF22077185006D02BD /* Base */,
			);
			name = LaunchScreen.storyboard;
			sourceTree = "<group>";
		};
/* End PBXVariantGroup section */

/* Begin XCBuildConfiguration section */
		33678CBD22077185006D02BD /* Debug */ = {
			isa = XCBuildConfiguration;
			buildSettings = {
				ALWAYS_SEARCH_USER_PATHS = NO;
				CLANG_ANALYZER_NONNULL = YES;
				CLANG_ANALYZER_NUMBER_OBJECT_CONVERSION = YES_AGGRESSIVE;
				CLANG_CXX_LANGUAGE_STANDARD = "gnu++14";
				CLANG_CXX_LIBRARY = "libc++";
				CLANG_ENABLE_MODULES = YES;
				CLANG_ENABLE_OBJC_ARC = YES;
				CLANG_ENABLE_OBJC_WEAK = YES;
				CLANG_WARN_BLOCK_CAPTURE_AUTORELEASING = YES;
				CLANG_WARN_BOOL_CONVERSION = YES;
				CLANG_WARN_COMMA = YES;
				CLANG_WARN_CONSTANT_CONVERSION = YES;
				CLANG_WARN_DEPRECATED_OBJC_IMPLEMENTATIONS = YES;
				CLANG_WARN_DIRECT_OBJC_ISA_USAGE = YES_ERROR;
				CLANG_WARN_DOCUMENTATION_COMMENTS = YES;
				CLANG_WARN_EMPTY_BODY = YES;
				CLANG_WARN_ENUM_CONVERSION = YES;
				CLANG_WARN_INFINITE_RECURSION = YES;
				CLANG_WARN_INT_CONVERSION = YES;
				CLANG_WARN_NON_LITERAL_NULL_CONVERSION = YES;
				CLANG_WARN_OBJC_IMPLICIT_RETAIN_SELF = YES;
				CLANG_WARN_OBJC_LITERAL_CONVERSION = YES;
				CLANG_WARN_OBJC_ROOT_CLASS = YES_ERROR;
				CLANG_WARN_RANGE_LOOP_ANALYSIS = YES;
				CLANG_WARN_STRICT_PROTOTYPES = YES;
				CLANG_WARN_SUSPICIOUS_MOVE = YES;
				CLANG_WARN_UNGUARDED_AVAILABILITY = YES_AGGRESSIVE;
				CLANG_WARN_UNREACHABLE_CODE = YES;
				CLANG_WARN__DUPLICATE_METHOD_MATCH = YES;
				CODE_SIGN_IDENTITY = "iPhone Developer";
				COPY_PHASE_STRIP = NO;
				DEBUG_INFORMATION_FORMAT = dwarf;
				ENABLE_STRICT_OBJC_MSGSEND = YES;
				ENABLE_TESTABILITY = YES;
				GCC_C_LANGUAGE_STANDARD = gnu11;
				GCC_DYNAMIC_NO_PIC = NO;
				GCC_NO_COMMON_BLOCKS = YES;
				GCC_OPTIMIZATION_LEVEL = 0;
				GCC_PREPROCESSOR_DEFINITIONS = (
					"DEBUG=1",
					"$(inherited)",
				);
				GCC_WARN_64_TO_32_BIT_CONVERSION = YES;
				GCC_WARN_ABOUT_RETURN_TYPE = YES_ERROR;
				GCC_WARN_UNDECLARED_SELECTOR = YES;
				GCC_WARN_UNINITIALIZED_AUTOS = YES_AGGRESSIVE;
				GCC_WARN_UNUSED_FUNCTION = YES;
				GCC_WARN_UNUSED_VARIABLE = YES;
				IPHONEOS_DEPLOYMENT_TARGET = 12.1;
				MTL_ENABLE_DEBUG_INFO = INCLUDE_SOURCE;
				MTL_FAST_MATH = YES;
				ONLY_ACTIVE_ARCH = YES;
				SDKROOT = iphoneos;
				SWIFT_ACTIVE_COMPILATION_CONDITIONS = DEBUG;
				SWIFT_OPTIMIZATION_LEVEL = "-Onone";
			};
			name = Debug;
		};
		33678CBE22077185006D02BD /* Release */ = {
			isa = XCBuildConfiguration;
			buildSettings = {
				ALWAYS_SEARCH_USER_PATHS = NO;
				CLANG_ANALYZER_NONNULL = YES;
				CLANG_ANALYZER_NUMBER_OBJECT_CONVERSION = YES_AGGRESSIVE;
				CLANG_CXX_LANGUAGE_STANDARD = "gnu++14";
				CLANG_CXX_LIBRARY = "libc++";
				CLANG_ENABLE_MODULES = YES;
				CLANG_ENABLE_OBJC_ARC = YES;
				CLANG_ENABLE_OBJC_WEAK = YES;
				CLANG_WARN_BLOCK_CAPTURE_AUTORELEASING = YES;
				CLANG_WARN_BOOL_CONVERSION = YES;
				CLANG_WARN_COMMA = YES;
				CLANG_WARN_CONSTANT_CONVERSION = YES;
				CLANG_WARN_DEPRECATED_OBJC_IMPLEMENTATIONS = YES;
				CLANG_WARN_DIRECT_OBJC_ISA_USAGE = YES_ERROR;
				CLANG_WARN_DOCUMENTATION_COMMENTS = YES;
				CLANG_WARN_EMPTY_BODY = YES;
				CLANG_WARN_ENUM_CONVERSION = YES;
				CLANG_WARN_INFINITE_RECURSION = YES;
				CLANG_WARN_INT_CONVERSION = YES;
				CLANG_WARN_NON_LITERAL_NULL_CONVERSION = YES;
				CLANG_WARN_OBJC_IMPLICIT_RETAIN_SELF = YES;
				CLANG_WARN_OBJC_LITERAL_CONVERSION = YES;
				CLANG_WARN_OBJC_ROOT_CLASS = YES_ERROR;
				CLANG_WARN_RANGE_LOOP_ANALYSIS = YES;
				CLANG_WARN_STRICT_PROTOTYPES = YES;
				CLANG_WARN_SUSPICIOUS_MOVE = YES;
				CLANG_WARN_UNGUARDED_AVAILABILITY = YES_AGGRESSIVE;
				CLANG_WARN_UNREACHABLE_CODE = YES;
				CLANG_WARN__DUPLICATE_METHOD_MATCH = YES;
				CODE_SIGN_IDENTITY = "iPhone Developer";
				COPY_PHASE_STRIP = NO;
				DEBUG_INFORMATION_FORMAT = "dwarf-with-dsym";
				ENABLE_NS_ASSERTIONS = NO;
				ENABLE_STRICT_OBJC_MSGSEND = YES;
				GCC_C_LANGUAGE_STANDARD = gnu11;
				GCC_NO_COMMON_BLOCKS = YES;
				GCC_WARN_64_TO_32_BIT_CONVERSION = YES;
				GCC_WARN_ABOUT_RETURN_TYPE = YES_ERROR;
				GCC_WARN_UNDECLARED_SELECTOR = YES;
				GCC_WARN_UNINITIALIZED_AUTOS = YES_AGGRESSIVE;
				GCC_WARN_UNUSED_FUNCTION = YES;
				GCC_WARN_UNUSED_VARIABLE = YES;
				IPHONEOS_DEPLOYMENT_TARGET = 12.1;
				MTL_ENABLE_DEBUG_INFO = NO;
				MTL_FAST_MATH = YES;
				SDKROOT = iphoneos;
				SWIFT_COMPILATION_MODE = wholemodule;
				SWIFT_OPTIMIZATION_LEVEL = "-O";
				VALIDATE_PRODUCT = YES;
			};
			name = Release;
		};
		33678CC022077185006D02BD /* Debug */ = {
			isa = XCBuildConfiguration;
			buildSettings = {
				ASSETCATALOG_COMPILER_APPICON_NAME = AppIcon;
				CODE_SIGN_STYLE = Automatic;
				DEVELOPMENT_TEAM = E8SMYH93YJ;
				INFOPLIST_FILE = "toda swift example/Info.plist";
				LD_RUNPATH_SEARCH_PATHS = (
					"$(inherited)",
					"@executable_path/Frameworks",
				);
				PRODUCT_BUNDLE_IDENTIFIER = "me.humberto.toda-swift-example";
				PRODUCT_NAME = "$(TARGET_NAME)";
				SWIFT_VERSION = 4.2;
				TARGETED_DEVICE_FAMILY = "1,2";
			};
			name = Debug;
		};
		33678CC122077185006D02BD /* Release */ = {
			isa = XCBuildConfiguration;
			buildSettings = {
				ASSETCATALOG_COMPILER_APPICON_NAME = AppIcon;
				CODE_SIGN_STYLE = Automatic;
				DEVELOPMENT_TEAM = E8SMYH93YJ;
				INFOPLIST_FILE = "toda swift example/Info.plist";
				LD_RUNPATH_SEARCH_PATHS = (
					"$(inherited)",
					"@executable_path/Frameworks",
				);
				PRODUCT_BUNDLE_IDENTIFIER = "me.humberto.toda-swift-example";
				PRODUCT_NAME = "$(TARGET_NAME)";
				SWIFT_VERSION = 4.2;
				TARGETED_DEVICE_FAMILY = "1,2";
			};
			name = Release;
		};
		33678CC322077185006D02BD /* Debug */ = {
			isa = XCBuildConfiguration;
			buildSettings = {
				ALWAYS_EMBED_SWIFT_STANDARD_LIBRARIES = YES;
				BUNDLE_LOADER = "$(TEST_HOST)";
				CODE_SIGN_STYLE = Automatic;
				DEVELOPMENT_TEAM = E8SMYH93YJ;
				INFOPLIST_FILE = "toda swift exampleTests/Info.plist";
				LD_RUNPATH_SEARCH_PATHS = (
					"$(inherited)",
					"@executable_path/Frameworks",
					"@loader_path/Frameworks",
				);
				PRODUCT_BUNDLE_IDENTIFIER = "me.humberto.toda-swift-exampleTests";
				PRODUCT_NAME = "$(TARGET_NAME)";
				SWIFT_VERSION = 4.2;
				TARGETED_DEVICE_FAMILY = "1,2";
				TEST_HOST = "$(BUILT_PRODUCTS_DIR)/toda swift example.app/toda swift example";
			};
			name = Debug;
		};
		33678CC422077185006D02BD /* Release */ = {
			isa = XCBuildConfiguration;
			buildSettings = {
				ALWAYS_EMBED_SWIFT_STANDARD_LIBRARIES = YES;
				BUNDLE_LOADER = "$(TEST_HOST)";
				CODE_SIGN_STYLE = Automatic;
				DEVELOPMENT_TEAM = E8SMYH93YJ;
				INFOPLIST_FILE = "toda swift exampleTests/Info.plist";
				LD_RUNPATH_SEARCH_PATHS = (
					"$(inherited)",
					"@executable_path/Frameworks",
					"@loader_path/Frameworks",
				);
				PRODUCT_BUNDLE_IDENTIFIER = "me.humberto.toda-swift-exampleTests";
				PRODUCT_NAME = "$(TARGET_NAME)";
				SWIFT_VERSION = 4.2;
				TARGETED_DEVICE_FAMILY = "1,2";
				TEST_HOST = "$(BUILT_PRODUCTS_DIR)/toda swift example.app/toda swift example";
			};
			name = Release;
		};
/* End XCBuildConfiguration section */

/* Begin XCConfigurationList section */
		33678C9D22077183006D02BD /* Build configuration list for PBXProject "toda swift example" */ = {
			isa = XCConfigurationList;
			buildConfigurations = (
				33678CBD22077185006D02BD /* Debug */,
				33678CBE22077185006D02BD /* Release */,
			);
			defaultConfigurationIsVisible = 0;
			defaultConfigurationName = Release;
		};
		33678CBF22077185006D02BD /* Build configuration list for PBXNativeTarget "toda swift example" */ = {
			isa = XCConfigurationList;
			buildConfigurations = (
				33678CC022077185006D02BD /* Debug */,
				33678CC122077185006D02BD /* Release */,
			);
			defaultConfigurationIsVisible = 0;
			defaultConfigurationName = Release;
		};
		33678CC222077185006D02BD /* Build configuration list for PBXNativeTarget "toda swift exampleTests" */ = {
			isa = XCConfigurationList;
			buildConfigurations = (
				33678CC322077185006D02BD /* Debug */,
				33678CC422077185006D02BD /* Release */,
			);
			defaultConfigurationIsVisible = 0;
			defaultConfigurationName = Release;
		};
/* End XCConfigurationList section */
	};
	rootObject = 33678C9A22077183006D02BD /* Project object */;
}
